
Microsoft Visual Studio Solution File, Format Version 12.00
# Visual Studio Version 16
VisualStudioVersion = 16.0.29709.97
MinimumVisualStudioVersion = 10.0.40219.1
Project("{2150E333-8FDC-42A3-9474-1A3956D46DE8}") = "Solution Items", "Solution Items", "{1DF05864-1C9B-442D-A425-0A14C0D5765B}"
	ProjectSection(SolutionItems) = preProject
		appveyor.yml = appveyor.yml
		Directory.Build.props = Directory.Build.props
		LICENSE = LICENSE
		README.md = README.md
		redlock-icon.png = redlock-icon.png
		RedLock.snk = RedLock.snk
	EndProjectSection
EndProject
Project("{9A19103F-16F7-4668-BE54-9A1E7A4F7556}") = "RedLockNet.SERedis", "RedLockNet.SERedis\RedLockNet.SERedis.csproj", "{024849E0-03AF-4A6E-8CD5-D51EBB10ECB1}"
EndProject
Project("{9A19103F-16F7-4668-BE54-9A1E7A4F7556}") = "RedLockNet.Abstractions", "RedLockNet.Abstractions\RedLockNet.Abstractions.csproj", "{BB176C1F-C520-4FB9-99CA-2326F8FC6050}"
EndProject
Project("{9A19103F-16F7-4668-BE54-9A1E7A4F7556}") = "RedLockNet.Tests", "RedLockNet.Tests\RedLockNet.Tests.csproj", "{4F9D3DBD-28D0-45FB-8A83-DCB0EECB00CC}"
EndProject
Global
	GlobalSection(SolutionConfigurationPlatforms) = preSolution
		Debug|Any CPU = Debug|Any CPU
		Release|Any CPU = Release|Any CPU
	EndGlobalSection
	GlobalSection(ProjectConfigurationPlatforms) = postSolution
		{024849E0-03AF-4A6E-8CD5-D51EBB10ECB1}.Debug|Any CPU.ActiveCfg = Debug|Any CPU
		{024849E0-03AF-4A6E-8CD5-D51EBB10ECB1}.Debug|Any CPU.Build.0 = Debug|Any CPU
		{024849E0-03AF-4A6E-8CD5-D51EBB10ECB1}.Release|Any CPU.ActiveCfg = Release|Any CPU
		{024849E0-03AF-4A6E-8CD5-D51EBB10ECB1}.Release|Any CPU.Build.0 = Release|Any CPU
		{BB176C1F-C520-4FB9-99CA-2326F8FC6050}.Debug|Any CPU.ActiveCfg = Debug|Any CPU
		{BB176C1F-C520-4FB9-99CA-2326F8FC6050}.Debug|Any CPU.Build.0 = Debug|Any CPU
		{BB176C1F-C520-4FB9-99CA-2326F8FC6050}.Release|Any CPU.ActiveCfg = Release|Any CPU
		{BB176C1F-C520-4FB9-99CA-2326F8FC6050}.Release|Any CPU.Build.0 = Release|Any CPU
		{4F9D3DBD-28D0-45FB-8A83-DCB0EECB00CC}.Debug|Any CPU.ActiveCfg = Debug|Any CPU
		{4F9D3DBD-28D0-45FB-8A83-DCB0EECB00CC}.Debug|Any CPU.Build.0 = Debug|Any CPU
		{4F9D3DBD-28D0-45FB-8A83-DCB0EECB00CC}.Release|Any CPU.ActiveCfg = Release|Any CPU
		{4F9D3DBD-28D0-45FB-8A83-DCB0EECB00CC}.Release|Any CPU.Build.0 = Release|Any CPU
	EndGlobalSection
	GlobalSection(SolutionProperties) = preSolution
		HideSolutionNode = FALSE
	EndGlobalSection
	GlobalSection(ExtensibilityGlobals) = postSolution
		SolutionGuid = {6627A230-06E7-47D1-8471-7B295ADFDB96}
	EndGlobalSection
EndGlobal
