
Microsoft Visual Studio Solution File, Format Version 12.00
# Visual Studio 2013
VisualStudioVersion = 12.0.40629.0
MinimumVisualStudioVersion = 10.0.40219.1
Project("{FAE04EC0-301F-11D3-BF4B-00C04F79EFBC}") = "RedLock", "RedLock\RedLock.csproj", "{C76CF80D-15B7-440B-9AFB-5B450E1C969B}"
EndProject
Project("{2150E333-8FDC-42A3-9474-1A3956D46DE8}") = "Solution Items", "Solution Items", "{1DF05864-1C9B-442D-A425-0A14C0D5765B}"
	ProjectSection(SolutionItems) = preProject
		LICENSE = LICENSE
		README.md = README.md
		redlock-icon.png = redlock-icon.png
		RedLock.nuspec = RedLock.nuspec
	EndProjectSection
EndProject
Project("{FAE04EC0-301F-11D3-BF4B-00C04F79EFBC}") = "RedLock.Tests", "RedLock.Tests\RedLock.Tests.csproj", "{2DF8C6CF-482F-4C51-9BA0-1F7814CA91E0}"
EndProject
Project("{FAE04EC0-301F-11D3-BF4B-00C04F79EFBC}") = "RedLock.Logging.Log4Net", "RedLock.Logging.Log4Net\RedLock.Logging.Log4Net.csproj", "{ED3D1A8D-1132-4549-94E1-9F6B8432D4D9}"
EndProject
Project("{2150E333-8FDC-42A3-9474-1A3956D46DE8}") = ".nuget", ".nuget", "{9B512268-54F4-4439-A795-89D9AE2F0A8B}"
	ProjectSection(SolutionItems) = preProject
		.nuget\packages.config = .nuget\packages.config
	EndProjectSection
EndProject
Project("{FAE04EC0-301F-11D3-BF4B-00C04F79EFBC}") = "RedLock_Net40", "RedLock_Net40\RedLock_Net40.csproj", "{0FFA5029-E5AA-48E2-A915-FEAE3924CAB6}"
EndProject
Global
	GlobalSection(SolutionConfigurationPlatforms) = preSolution
		Debug|Any CPU = Debug|Any CPU
		Release|Any CPU = Release|Any CPU
	EndGlobalSection
	GlobalSection(ProjectConfigurationPlatforms) = postSolution
		{C76CF80D-15B7-440B-9AFB-5B450E1C969B}.Debug|Any CPU.ActiveCfg = Debug|Any CPU
		{C76CF80D-15B7-440B-9AFB-5B450E1C969B}.Debug|Any CPU.Build.0 = Debug|Any CPU
		{C76CF80D-15B7-440B-9AFB-5B450E1C969B}.Release|Any CPU.ActiveCfg = Release|Any CPU
		{C76CF80D-15B7-440B-9AFB-5B450E1C969B}.Release|Any CPU.Build.0 = Release|Any CPU
		{2DF8C6CF-482F-4C51-9BA0-1F7814CA91E0}.Debug|Any CPU.ActiveCfg = Debug|Any CPU
		{2DF8C6CF-482F-4C51-9BA0-1F7814CA91E0}.Debug|Any CPU.Build.0 = Debug|Any CPU
		{2DF8C6CF-482F-4C51-9BA0-1F7814CA91E0}.Release|Any CPU.ActiveCfg = Release|Any CPU
		{2DF8C6CF-482F-4C51-9BA0-1F7814CA91E0}.Release|Any CPU.Build.0 = Release|Any CPU
		{ED3D1A8D-1132-4549-94E1-9F6B8432D4D9}.Debug|Any CPU.ActiveCfg = Debug|Any CPU
		{ED3D1A8D-1132-4549-94E1-9F6B8432D4D9}.Debug|Any CPU.Build.0 = Debug|Any CPU
		{ED3D1A8D-1132-4549-94E1-9F6B8432D4D9}.Release|Any CPU.ActiveCfg = Release|Any CPU
		{ED3D1A8D-1132-4549-94E1-9F6B8432D4D9}.Release|Any CPU.Build.0 = Release|Any CPU
		{0FFA5029-E5AA-48E2-A915-FEAE3924CAB6}.Debug|Any CPU.ActiveCfg = Debug|Any CPU
		{0FFA5029-E5AA-48E2-A915-FEAE3924CAB6}.Debug|Any CPU.Build.0 = Debug|Any CPU
		{0FFA5029-E5AA-48E2-A915-FEAE3924CAB6}.Release|Any CPU.ActiveCfg = Release|Any CPU
		{0FFA5029-E5AA-48E2-A915-FEAE3924CAB6}.Release|Any CPU.Build.0 = Release|Any CPU
	EndGlobalSection
	GlobalSection(SolutionProperties) = preSolution
		HideSolutionNode = FALSE
	EndGlobalSection
EndGlobal
